# This file is autogenerated, do not edit; changes may be undone by the next 'dep ensure'.


[[projects]]
  name = "github.com/golang/protobuf"
  packages = ["proto","ptypes/any"]
  revision = "5a0f697c9ed9d68fef0116532c6e05cfeae00e55"

[[projects]]
  name = "github.com/google/uuid"
  packages = ["."]
  revision = "1c6adf5cd133db09196c44ffae1f77ebf4da64aa"

[[projects]]
  name = "github.com/jaypipes/ghw"
  packages = ["."]
  revision = "91cbb1ab7cb879f1ead2fd26de40093ec00bd074"

[[projects]]
  branch = "master"
  name = "github.com/rekby/gpt"
  packages = ["."]
  revision = "f2cbeebca98b6b541e4c441208a81b4c12b17925"

[[projects]]
  name = "golang.org/x/net"
  packages = ["context","http2","http2/hpack","idna","internal/timeseries","lex/httplex","trace"]
  revision = "e4fa1c5465ad6111f206fc92186b8c83d64adbe1"

[[projects]]
  name = "golang.org/x/text"
  packages = ["internal/gen","internal/triegen","internal/ucd","secure/bidirule","transform","unicode/bidi","unicode/cldr","unicode/norm","unicode/rangetable"]
  revision = "ccbd3f7822129ff389f8ca4858a9b9d4d910531c"

[[projects]]
  name = "google.golang.org/genproto"
  packages = ["googleapis/rpc/status"]
  revision = "aa2eb687b4d3e17154372564ad8d6bf11c3cf21f"

[[projects]]
  name = "google.golang.org/grpc"
  packages = [".","codes","credentials","grpclb/grpc_lb_v1","grpclog","internal","keepalive","metadata","naming","peer","stats","status","tap","transport"]
  revision = "6fecf2831adf75ce3b8b756d2d174db8a2044dbb"

[solve-meta]
  analyzer-name = "dep"
  analyzer-version = 1
  inputs-digest = "a6003e88737333d85c7d72767abcf262527922889fb5fcb1e3e267f6fc0896e9"
  solver-name = "gps-cdcl"
  solver-version = 1
